
Microsoft Visual Studio Solution File, Format Version 12.00
# Visual Studio Version 17
VisualStudioVersion = 17.13.35913.81
MinimumVisualStudioVersion = 10.0.40219.1
Project("{FAE04EC0-301F-11D3-BF4B-00C04F79EFBC}") = "MatrixBugtracker.API", "MatrixBugtracker.API\MatrixBugtracker.API.csproj", "{032424C1-A6EF-4A73-B5DC-B453B1206996}"
EndProject
Project("{FAE04EC0-301F-11D3-BF4B-00C04F79EFBC}") = "MatrixBugtracker.DAL", "MatrixBugtracker.DAL\MatrixBugtracker.DAL.csproj", "{1D62F1D0-EB84-44B1-A846-162396EFD158}"
EndProject
Project("{FAE04EC0-301F-11D3-BF4B-00C04F79EFBC}") = "MatrixBugtracker.BL", "MatrixBugtracker.BL\MatrixBugtracker.BL.csproj", "{29D21A88-985B-4883-A88A-B6800C8997F5}"
EndProject
Global
	GlobalSection(SolutionConfigurationPlatforms) = preSolution
		Debug|Any CPU = Debug|Any CPU
		Release|Any CPU = Release|Any CPU
	EndGlobalSection
	GlobalSection(ProjectConfigurationPlatforms) = postSolution
		{032424C1-A6EF-4A73-B5DC-B453B1206996}.Debug|Any CPU.ActiveCfg = Debug|Any CPU
		{032424C1-A6EF-4A73-B5DC-B453B1206996}.Debug|Any CPU.Build.0 = Debug|Any CPU
		{032424C1-A6EF-4A73-B5DC-B453B1206996}.Release|Any CPU.ActiveCfg = Release|Any CPU
		{032424C1-A6EF-4A73-B5DC-B453B1206996}.Release|Any CPU.Build.0 = Release|Any CPU
		{1D62F1D0-EB84-44B1-A846-162396EFD158}.Debug|Any CPU.ActiveCfg = Debug|Any CPU
		{1D62F1D0-EB84-44B1-A846-162396EFD158}.Debug|Any CPU.Build.0 = Debug|Any CPU
		{1D62F1D0-EB84-44B1-A846-162396EFD158}.Release|Any CPU.ActiveCfg = Release|Any CPU
		{1D62F1D0-EB84-44B1-A846-162396EFD158}.Release|Any CPU.Build.0 = Release|Any CPU
		{29D21A88-985B-4883-A88A-B6800C8997F5}.Debug|Any CPU.ActiveCfg = Debug|Any CPU
		{29D21A88-985B-4883-A88A-B6800C8997F5}.Debug|Any CPU.Build.0 = Debug|Any CPU
		{29D21A88-985B-4883-A88A-B6800C8997F5}.Release|Any CPU.ActiveCfg = Release|Any CPU
		{29D21A88-985B-4883-A88A-B6800C8997F5}.Release|Any CPU.Build.0 = Release|Any CPU
	EndGlobalSection
	GlobalSection(SolutionProperties) = preSolution
		HideSolutionNode = FALSE
	EndGlobalSection
	GlobalSection(ExtensibilityGlobals) = postSolution
		SolutionGuid = {36DC90CA-2481-4250-9BCC-42BCC493976A}
	EndGlobalSection
EndGlobal
